
Microsoft Visual Studio Solution File, Format Version 12.00
# Visual Studio Version 17
VisualStudioVersion = 17.14.36915.13
MinimumVisualStudioVersion = 10.0.40219.1
Project("{FAE04EC0-301F-11D3-BF4B-00C04F79EFBC}") = "gest-polleria", "gest-polleria\gest-polleria.csproj", "{B5B9E75A-3883-4396-87A7-8422EC0C8F83}"
EndProject
Project("{FAE04EC0-301F-11D3-BF4B-00C04F79EFBC}") = "WebApiPolleria", "WebApiPolleria\WebApiPolleria.csproj", "{DB74D9C1-49A7-4E58-8353-9ED19BFEFD9B}"
EndProject
Global
	GlobalSection(SolutionConfigurationPlatforms) = preSolution
		Debug|Any CPU = Debug|Any CPU
		Release|Any CPU = Release|Any CPU
	EndGlobalSection
	GlobalSection(ProjectConfigurationPlatforms) = postSolution
		{B5B9E75A-3883-4396-87A7-8422EC0C8F83}.Debug|Any CPU.ActiveCfg = Debug|Any CPU
		{B5B9E75A-3883-4396-87A7-8422EC0C8F83}.Debug|Any CPU.Build.0 = Debug|Any CPU
		{B5B9E75A-3883-4396-87A7-8422EC0C8F83}.Release|Any CPU.ActiveCfg = Release|Any CPU
		{B5B9E75A-3883-4396-87A7-8422EC0C8F83}.Release|Any CPU.Build.0 = Release|Any CPU
		{DB74D9C1-49A7-4E58-8353-9ED19BFEFD9B}.Debug|Any CPU.ActiveCfg = Debug|Any CPU
		{DB74D9C1-49A7-4E58-8353-9ED19BFEFD9B}.Debug|Any CPU.Build.0 = Debug|Any CPU
		{DB74D9C1-49A7-4E58-8353-9ED19BFEFD9B}.Release|Any CPU.ActiveCfg = Release|Any CPU
		{DB74D9C1-49A7-4E58-8353-9ED19BFEFD9B}.Release|Any CPU.Build.0 = Release|Any CPU
	EndGlobalSection
	GlobalSection(SolutionProperties) = preSolution
		HideSolutionNode = FALSE
	EndGlobalSection
	GlobalSection(ExtensibilityGlobals) = postSolution
		SolutionGuid = {F9F6D76F-513D-4DA1-A912-D4216F62C042}
	EndGlobalSection
EndGlobal
